
Microsoft Visual Studio Solution File, Format Version 10.00
# Visual Studio 2008
Project("{8BC9CEB8-8B4A-11D0-8D11-00A0C91BC942}") = "convert", "convert\script\convert.vcproj", "{6118E7DA-BA9A-4E18-8A46-10DFCB95F6B0}"
	ProjectSection(ProjectDependencies) = postProject
		{99E985CF-F878-4855-A206-E99551E59ACB} = {99E985CF-F878-4855-A206-E99551E59ACB}
	EndProjectSection
EndProject
Project("{8BC9CEB8-8B4A-11D0-8D11-00A0C91BC942}") = "density", "density\script\density.vcproj", "{A848F382-4FEE-4FE7-A541-71B357A27E4B}"
	ProjectSection(ProjectDependencies) = postProject
		{99E985CF-F878-4855-A206-E99551E59ACB} = {99E985CF-F878-4855-A206-E99551E59ACB}
	EndProjectSection
EndProject
Project("{8BC9CEB8-8B4A-11D0-8D11-00A0C91BC942}") = "homography", "homography\script\homography.vcproj", "{EAE4CF77-B1CC-4AE3-8286-2D2CAE6BD0F2}"
	ProjectSection(ProjectDependencies) = postProject
		{C398A105-5349-4E73-8950-D8E7B1182F80} = {C398A105-5349-4E73-8950-D8E7B1182F80}
		{F914C798-9E67-4EA1-A8E2-338C0EAB97B8} = {F914C798-9E67-4EA1-A8E2-338C0EAB97B8}
		{7485849A-CDA2-4029-8AE2-6C3C548E323D} = {7485849A-CDA2-4029-8AE2-6C3C548E323D}
		{99E985CF-F878-4855-A206-E99551E59ACB} = {99E985CF-F878-4855-A206-E99551E59ACB}
	EndProjectSection
EndProject
Project("{8BC9CEB8-8B4A-11D0-8D11-00A0C91BC942}") = "libIO", "libIO\script\libIO.vcproj", "{99E985CF-F878-4855-A206-E99551E59ACB}"
EndProject
Project("{8BC9CEB8-8B4A-11D0-8D11-00A0C91BC942}") = "libLWImage", "libLWImage\script\libLWImage.vcproj", "{7485849A-CDA2-4029-8AE2-6C3C548E323D}"
EndProject
Project("{8BC9CEB8-8B4A-11D0-8D11-00A0C91BC942}") = "libMatch", "libMatch\script\libMatch.vcproj", "{911F91A0-9F60-43CF-9AD6-72E9BA52E8D0}"
EndProject
Project("{8BC9CEB8-8B4A-11D0-8D11-00A0C91BC942}") = "libNumerics", "libNumerics\script\libNumerics.vcproj", "{C398A105-5349-4E73-8950-D8E7B1182F80}"
EndProject
Project("{8BC9CEB8-8B4A-11D0-8D11-00A0C91BC942}") = "libStereo", "libStereo\script\libStereo.vcproj", "{CCFE8AE8-40FF-439E-90D1-857A3120B44B}"
EndProject
Project("{8BC9CEB8-8B4A-11D0-8D11-00A0C91BC942}") = "libTransform", "libTransform\script\libTransform.vcproj", "{F914C798-9E67-4EA1-A8E2-338C0EAB97B8}"
EndProject
Project("{8BC9CEB8-8B4A-11D0-8D11-00A0C91BC942}") = "medianFill", "medianFill\script\medianFill.vcproj", "{FEA7BDAC-A403-4378-83F3-FA6D1BFF2CC2}"
	ProjectSection(ProjectDependencies) = postProject
		{99E985CF-F878-4855-A206-E99551E59ACB} = {99E985CF-F878-4855-A206-E99551E59ACB}
	EndProjectSection
EndProject
Project("{8BC9CEB8-8B4A-11D0-8D11-00A0C91BC942}") = "mesh", "mesh\script\mesh.vcproj", "{80A556C3-919A-465B-8EC6-342CAB1817B4}"
	ProjectSection(ProjectDependencies) = postProject
		{99E985CF-F878-4855-A206-E99551E59ACB} = {99E985CF-F878-4855-A206-E99551E59ACB}
	EndProjectSection
EndProject
Project("{8BC9CEB8-8B4A-11D0-8D11-00A0C91BC942}") = "orsa", "orsa\script\orsa.vcproj", "{200DF2AE-D00D-4DB3-AB87-CEF925F4BE72}"
	ProjectSection(ProjectDependencies) = postProject
		{C398A105-5349-4E73-8950-D8E7B1182F80} = {C398A105-5349-4E73-8950-D8E7B1182F80}
		{911F91A0-9F60-43CF-9AD6-72E9BA52E8D0} = {911F91A0-9F60-43CF-9AD6-72E9BA52E8D0}
	EndProjectSection
EndProject
Project("{8BC9CEB8-8B4A-11D0-8D11-00A0C91BC942}") = "rectify", "rectify\script\rectify.vcproj", "{5711A3BB-7122-46C1-8FCE-2492E9258787}"
	ProjectSection(ProjectDependencies) = postProject
		{C398A105-5349-4E73-8950-D8E7B1182F80} = {C398A105-5349-4E73-8950-D8E7B1182F80}
		{911F91A0-9F60-43CF-9AD6-72E9BA52E8D0} = {911F91A0-9F60-43CF-9AD6-72E9BA52E8D0}
	EndProjectSection
EndProject
Project("{8BC9CEB8-8B4A-11D0-8D11-00A0C91BC942}") = "selfSimilar", "selfSimilar\script\selfSimilar.vcproj", "{5C398F51-C4A3-4543-B2EB-528912077E69}"
	ProjectSection(ProjectDependencies) = postProject
		{7485849A-CDA2-4029-8AE2-6C3C548E323D} = {7485849A-CDA2-4029-8AE2-6C3C548E323D}
		{99E985CF-F878-4855-A206-E99551E59ACB} = {99E985CF-F878-4855-A206-E99551E59ACB}
		{CCFE8AE8-40FF-439E-90D1-857A3120B44B} = {CCFE8AE8-40FF-439E-90D1-857A3120B44B}
	EndProjectSection
EndProject
Project("{8BC9CEB8-8B4A-11D0-8D11-00A0C91BC942}") = "showRect", "showRect\script\showRect.vcproj", "{FE3A133E-34F3-42F8-B416-A36C8AC8359B}"
	ProjectSection(ProjectDependencies) = postProject
		{C398A105-5349-4E73-8950-D8E7B1182F80} = {C398A105-5349-4E73-8950-D8E7B1182F80}
		{911F91A0-9F60-43CF-9AD6-72E9BA52E8D0} = {911F91A0-9F60-43CF-9AD6-72E9BA52E8D0}
		{99E985CF-F878-4855-A206-E99551E59ACB} = {99E985CF-F878-4855-A206-E99551E59ACB}
	EndProjectSection
EndProject
Project("{8BC9CEB8-8B4A-11D0-8D11-00A0C91BC942}") = "sift", "sift\script\sift.vcproj", "{94E5B397-ACEA-48A4-A49F-4D2BA1C74EC8}"
	ProjectSection(ProjectDependencies) = postProject
		{C398A105-5349-4E73-8950-D8E7B1182F80} = {C398A105-5349-4E73-8950-D8E7B1182F80}
		{911F91A0-9F60-43CF-9AD6-72E9BA52E8D0} = {911F91A0-9F60-43CF-9AD6-72E9BA52E8D0}
		{99E985CF-F878-4855-A206-E99551E59ACB} = {99E985CF-F878-4855-A206-E99551E59ACB}
	EndProjectSection
EndProject
Project("{8BC9CEB8-8B4A-11D0-8D11-00A0C91BC942}") = "size", "size\script\size.vcproj", "{CE793317-7AF2-4DD3-BD37-139FD9178838}"
	ProjectSection(ProjectDependencies) = postProject
		{99E985CF-F878-4855-A206-E99551E59ACB} = {99E985CF-F878-4855-A206-E99551E59ACB}
	EndProjectSection
EndProject
Project("{8BC9CEB8-8B4A-11D0-8D11-00A0C91BC942}") = "stereoAC", "stereoAC\script\stereoAC.vcproj", "{43E4984B-8A97-4656-9DFA-7CAF5F60C9E8}"
	ProjectSection(ProjectDependencies) = postProject
		{7485849A-CDA2-4029-8AE2-6C3C548E323D} = {7485849A-CDA2-4029-8AE2-6C3C548E323D}
		{99E985CF-F878-4855-A206-E99551E59ACB} = {99E985CF-F878-4855-A206-E99551E59ACB}
		{CCFE8AE8-40FF-439E-90D1-857A3120B44B} = {CCFE8AE8-40FF-439E-90D1-857A3120B44B}
	EndProjectSection
EndProject
Project("{8BC9CEB8-8B4A-11D0-8D11-00A0C91BC942}") = "subPixel", "subPixel\script\subPixel.vcproj", "{AB721261-4861-41FA-A970-1C2ACBDCDB15}"
	ProjectSection(ProjectDependencies) = postProject
		{C398A105-5349-4E73-8950-D8E7B1182F80} = {C398A105-5349-4E73-8950-D8E7B1182F80}
		{F914C798-9E67-4EA1-A8E2-338C0EAB97B8} = {F914C798-9E67-4EA1-A8E2-338C0EAB97B8}
		{99E985CF-F878-4855-A206-E99551E59ACB} = {99E985CF-F878-4855-A206-E99551E59ACB}
		{CCFE8AE8-40FF-439E-90D1-857A3120B44B} = {CCFE8AE8-40FF-439E-90D1-857A3120B44B}
	EndProjectSection
EndProject
Project("{2150E333-8FDC-42A3-9474-1A3956D46DE8}") = "Dependencies", "Dependencies", "{10A2CEEE-CE18-4FC1-A707-489B3742452D}"
EndProject
Project("{2150E333-8FDC-42A3-9474-1A3956D46DE8}") = "Libs", "Libs", "{3D8908DB-8AEC-4DA0-BEDE-B33A4C6ED0F1}"
EndProject
Project("{8BC9CEB8-8B4A-11D0-8D11-00A0C91BC942}") = "libpng", "Dependencies\libpng\script\libpng.vcproj", "{8A072305-3788-4F1B-87A9-F542BAA99A65}"
EndProject
Project("{8BC9CEB8-8B4A-11D0-8D11-00A0C91BC942}") = "libtiff", "Dependencies\libtiff\script\libtiff.vcproj", "{93D680F4-2ED1-4BD0-97AC-FEEBDA27A556}"
EndProject
Project("{8BC9CEB8-8B4A-11D0-8D11-00A0C91BC942}") = "zlib", "Dependencies\zlib\script\zlib.vcproj", "{BB7CFC5B-4E71-42F6-80D7-C506A4150E3D}"
EndProject
Project("{8BC9CEB8-8B4A-11D0-8D11-00A0C91BC942}") = "dataStereo", "dataStereo\script\dataStereo.vcproj", "{97287AA7-7A9B-464D-A81B-73ADA7652045}"
EndProject
Global
	GlobalSection(SolutionConfigurationPlatforms) = preSolution
		Debug|Win32 = Debug|Win32
		Release|Win32 = Release|Win32
	EndGlobalSection
	GlobalSection(ProjectConfigurationPlatforms) = postSolution
		{6118E7DA-BA9A-4E18-8A46-10DFCB95F6B0}.Debug|Win32.ActiveCfg = Debug|Win32
		{6118E7DA-BA9A-4E18-8A46-10DFCB95F6B0}.Debug|Win32.Build.0 = Debug|Win32
		{6118E7DA-BA9A-4E18-8A46-10DFCB95F6B0}.Release|Win32.ActiveCfg = Release|Win32
		{6118E7DA-BA9A-4E18-8A46-10DFCB95F6B0}.Release|Win32.Build.0 = Release|Win32
		{A848F382-4FEE-4FE7-A541-71B357A27E4B}.Debug|Win32.ActiveCfg = Debug|Win32
		{A848F382-4FEE-4FE7-A541-71B357A27E4B}.Debug|Win32.Build.0 = Debug|Win32
		{A848F382-4FEE-4FE7-A541-71B357A27E4B}.Release|Win32.ActiveCfg = Release|Win32
		{A848F382-4FEE-4FE7-A541-71B357A27E4B}.Release|Win32.Build.0 = Release|Win32
		{EAE4CF77-B1CC-4AE3-8286-2D2CAE6BD0F2}.Debug|Win32.ActiveCfg = Debug|Win32
		{EAE4CF77-B1CC-4AE3-8286-2D2CAE6BD0F2}.Debug|Win32.Build.0 = Debug|Win32
		{EAE4CF77-B1CC-4AE3-8286-2D2CAE6BD0F2}.Release|Win32.ActiveCfg = Release|Win32
		{EAE4CF77-B1CC-4AE3-8286-2D2CAE6BD0F2}.Release|Win32.Build.0 = Release|Win32
		{99E985CF-F878-4855-A206-E99551E59ACB}.Debug|Win32.ActiveCfg = Debug|Win32
		{99E985CF-F878-4855-A206-E99551E59ACB}.Debug|Win32.Build.0 = Debug|Win32
		{99E985CF-F878-4855-A206-E99551E59ACB}.Release|Win32.ActiveCfg = Release|Win32
		{99E985CF-F878-4855-A206-E99551E59ACB}.Release|Win32.Build.0 = Release|Win32
		{7485849A-CDA2-4029-8AE2-6C3C548E323D}.Debug|Win32.ActiveCfg = Debug|Win32
		{7485849A-CDA2-4029-8AE2-6C3C548E323D}.Debug|Win32.Build.0 = Debug|Win32
		{7485849A-CDA2-4029-8AE2-6C3C548E323D}.Release|Win32.ActiveCfg = Release|Win32
		{7485849A-CDA2-4029-8AE2-6C3C548E323D}.Release|Win32.Build.0 = Release|Win32
		{911F91A0-9F60-43CF-9AD6-72E9BA52E8D0}.Debug|Win32.ActiveCfg = Debug|Win32
		{911F91A0-9F60-43CF-9AD6-72E9BA52E8D0}.Debug|Win32.Build.0 = Debug|Win32
		{911F91A0-9F60-43CF-9AD6-72E9BA52E8D0}.Release|Win32.ActiveCfg = Release|Win32
		{911F91A0-9F60-43CF-9AD6-72E9BA52E8D0}.Release|Win32.Build.0 = Release|Win32
		{C398A105-5349-4E73-8950-D8E7B1182F80}.Debug|Win32.ActiveCfg = Debug|Win32
		{C398A105-5349-4E73-8950-D8E7B1182F80}.Debug|Win32.Build.0 = Debug|Win32
		{C398A105-5349-4E73-8950-D8E7B1182F80}.Release|Win32.ActiveCfg = Release|Win32
		{C398A105-5349-4E73-8950-D8E7B1182F80}.Release|Win32.Build.0 = Release|Win32
		{CCFE8AE8-40FF-439E-90D1-857A3120B44B}.Debug|Win32.ActiveCfg = Debug|Win32
		{CCFE8AE8-40FF-439E-90D1-857A3120B44B}.Debug|Win32.Build.0 = Debug|Win32
		{CCFE8AE8-40FF-439E-90D1-857A3120B44B}.Release|Win32.ActiveCfg = Release|Win32
		{CCFE8AE8-40FF-439E-90D1-857A3120B44B}.Release|Win32.Build.0 = Release|Win32
		{F914C798-9E67-4EA1-A8E2-338C0EAB97B8}.Debug|Win32.ActiveCfg = Debug|Win32
		{F914C798-9E67-4EA1-A8E2-338C0EAB97B8}.Debug|Win32.Build.0 = Debug|Win32
		{F914C798-9E67-4EA1-A8E2-338C0EAB97B8}.Release|Win32.ActiveCfg = Release|Win32
		{F914C798-9E67-4EA1-A8E2-338C0EAB97B8}.Release|Win32.Build.0 = Release|Win32
		{FEA7BDAC-A403-4378-83F3-FA6D1BFF2CC2}.Debug|Win32.ActiveCfg = Debug|Win32
		{FEA7BDAC-A403-4378-83F3-FA6D1BFF2CC2}.Debug|Win32.Build.0 = Debug|Win32
		{FEA7BDAC-A403-4378-83F3-FA6D1BFF2CC2}.Release|Win32.ActiveCfg = Release|Win32
		{FEA7BDAC-A403-4378-83F3-FA6D1BFF2CC2}.Release|Win32.Build.0 = Release|Win32
		{80A556C3-919A-465B-8EC6-342CAB1817B4}.Debug|Win32.ActiveCfg = Debug|Win32
		{80A556C3-919A-465B-8EC6-342CAB1817B4}.Debug|Win32.Build.0 = Debug|Win32
		{80A556C3-919A-465B-8EC6-342CAB1817B4}.Release|Win32.ActiveCfg = Release|Win32
		{80A556C3-919A-465B-8EC6-342CAB1817B4}.Release|Win32.Build.0 = Release|Win32
		{200DF2AE-D00D-4DB3-AB87-CEF925F4BE72}.Debug|Win32.ActiveCfg = Debug|Win32
		{200DF2AE-D00D-4DB3-AB87-CEF925F4BE72}.Debug|Win32.Build.0 = Debug|Win32
		{200DF2AE-D00D-4DB3-AB87-CEF925F4BE72}.Release|Win32.ActiveCfg = Release|Win32
		{200DF2AE-D00D-4DB3-AB87-CEF925F4BE72}.Release|Win32.Build.0 = Release|Win32
		{5711A3BB-7122-46C1-8FCE-2492E9258787}.Debug|Win32.ActiveCfg = Debug|Win32
		{5711A3BB-7122-46C1-8FCE-2492E9258787}.Debug|Win32.Build.0 = Debug|Win32
		{5711A3BB-7122-46C1-8FCE-2492E9258787}.Release|Win32.ActiveCfg = Release|Win32
		{5711A3BB-7122-46C1-8FCE-2492E9258787}.Release|Win32.Build.0 = Release|Win32
		{5C398F51-C4A3-4543-B2EB-528912077E69}.Debug|Win32.ActiveCfg = Debug|Win32
		{5C398F51-C4A3-4543-B2EB-528912077E69}.Debug|Win32.Build.0 = Debug|Win32
		{5C398F51-C4A3-4543-B2EB-528912077E69}.Release|Win32.ActiveCfg = Release|Win32
		{5C398F51-C4A3-4543-B2EB-528912077E69}.Release|Win32.Build.0 = Release|Win32
		{FE3A133E-34F3-42F8-B416-A36C8AC8359B}.Debug|Win32.ActiveCfg = Debug|Win32
		{FE3A133E-34F3-42F8-B416-A36C8AC8359B}.Debug|Win32.Build.0 = Debug|Win32
		{FE3A133E-34F3-42F8-B416-A36C8AC8359B}.Release|Win32.ActiveCfg = Release|Win32
		{FE3A133E-34F3-42F8-B416-A36C8AC8359B}.Release|Win32.Build.0 = Release|Win32
		{94E5B397-ACEA-48A4-A49F-4D2BA1C74EC8}.Debug|Win32.ActiveCfg = Debug|Win32
		{94E5B397-ACEA-48A4-A49F-4D2BA1C74EC8}.Debug|Win32.Build.0 = Debug|Win32
		{94E5B397-ACEA-48A4-A49F-4D2BA1C74EC8}.Release|Win32.ActiveCfg = Release|Win32
		{94E5B397-ACEA-48A4-A49F-4D2BA1C74EC8}.Release|Win32.Build.0 = Release|Win32
		{CE793317-7AF2-4DD3-BD37-139FD9178838}.Debug|Win32.ActiveCfg = Debug|Win32
		{CE793317-7AF2-4DD3-BD37-139FD9178838}.Debug|Win32.Build.0 = Debug|Win32
		{CE793317-7AF2-4DD3-BD37-139FD9178838}.Release|Win32.ActiveCfg = Release|Win32
		{CE793317-7AF2-4DD3-BD37-139FD9178838}.Release|Win32.Build.0 = Release|Win32
		{43E4984B-8A97-4656-9DFA-7CAF5F60C9E8}.Debug|Win32.ActiveCfg = Debug|Win32
		{43E4984B-8A97-4656-9DFA-7CAF5F60C9E8}.Debug|Win32.Build.0 = Debug|Win32
		{43E4984B-8A97-4656-9DFA-7CAF5F60C9E8}.Release|Win32.ActiveCfg = Release|Win32
		{43E4984B-8A97-4656-9DFA-7CAF5F60C9E8}.Release|Win32.Build.0 = Release|Win32
		{AB721261-4861-41FA-A970-1C2ACBDCDB15}.Debug|Win32.ActiveCfg = Debug|Win32
		{AB721261-4861-41FA-A970-1C2ACBDCDB15}.Debug|Win32.Build.0 = Debug|Win32
		{AB721261-4861-41FA-A970-1C2ACBDCDB15}.Release|Win32.ActiveCfg = Release|Win32
		{AB721261-4861-41FA-A970-1C2ACBDCDB15}.Release|Win32.Build.0 = Release|Win32
		{8A072305-3788-4F1B-87A9-F542BAA99A65}.Debug|Win32.ActiveCfg = Debug|Win32
		{8A072305-3788-4F1B-87A9-F542BAA99A65}.Debug|Win32.Build.0 = Debug|Win32
		{8A072305-3788-4F1B-87A9-F542BAA99A65}.Release|Win32.ActiveCfg = Release|Win32
		{8A072305-3788-4F1B-87A9-F542BAA99A65}.Release|Win32.Build.0 = Release|Win32
		{93D680F4-2ED1-4BD0-97AC-FEEBDA27A556}.Debug|Win32.ActiveCfg = Debug|Win32
		{93D680F4-2ED1-4BD0-97AC-FEEBDA27A556}.Debug|Win32.Build.0 = Debug|Win32
		{93D680F4-2ED1-4BD0-97AC-FEEBDA27A556}.Release|Win32.ActiveCfg = Release|Win32
		{93D680F4-2ED1-4BD0-97AC-FEEBDA27A556}.Release|Win32.Build.0 = Release|Win32
		{BB7CFC5B-4E71-42F6-80D7-C506A4150E3D}.Debug|Win32.ActiveCfg = Debug|Win32
		{BB7CFC5B-4E71-42F6-80D7-C506A4150E3D}.Debug|Win32.Build.0 = Debug|Win32
		{BB7CFC5B-4E71-42F6-80D7-C506A4150E3D}.Release|Win32.ActiveCfg = Release|Win32
		{BB7CFC5B-4E71-42F6-80D7-C506A4150E3D}.Release|Win32.Build.0 = Release|Win32
		{97287AA7-7A9B-464D-A81B-73ADA7652045}.Debug|Win32.ActiveCfg = Debug|Win32
		{97287AA7-7A9B-464D-A81B-73ADA7652045}.Debug|Win32.Build.0 = Debug|Win32
		{97287AA7-7A9B-464D-A81B-73ADA7652045}.Release|Win32.ActiveCfg = Release|Win32
		{97287AA7-7A9B-464D-A81B-73ADA7652045}.Release|Win32.Build.0 = Release|Win32
	EndGlobalSection
	GlobalSection(SolutionProperties) = preSolution
		HideSolutionNode = FALSE
	EndGlobalSection
	GlobalSection(NestedProjects) = preSolution
		{7485849A-CDA2-4029-8AE2-6C3C548E323D} = {3D8908DB-8AEC-4DA0-BEDE-B33A4C6ED0F1}
		{911F91A0-9F60-43CF-9AD6-72E9BA52E8D0} = {3D8908DB-8AEC-4DA0-BEDE-B33A4C6ED0F1}
		{C398A105-5349-4E73-8950-D8E7B1182F80} = {3D8908DB-8AEC-4DA0-BEDE-B33A4C6ED0F1}
		{CCFE8AE8-40FF-439E-90D1-857A3120B44B} = {3D8908DB-8AEC-4DA0-BEDE-B33A4C6ED0F1}
		{F914C798-9E67-4EA1-A8E2-338C0EAB97B8} = {3D8908DB-8AEC-4DA0-BEDE-B33A4C6ED0F1}
		{99E985CF-F878-4855-A206-E99551E59ACB} = {3D8908DB-8AEC-4DA0-BEDE-B33A4C6ED0F1}
		{8A072305-3788-4F1B-87A9-F542BAA99A65} = {10A2CEEE-CE18-4FC1-A707-489B3742452D}
		{93D680F4-2ED1-4BD0-97AC-FEEBDA27A556} = {10A2CEEE-CE18-4FC1-A707-489B3742452D}
		{BB7CFC5B-4E71-42F6-80D7-C506A4150E3D} = {10A2CEEE-CE18-4FC1-A707-489B3742452D}
	EndGlobalSection
EndGlobal
